PODS:
  - AFNetworking (3.1.0):
    - AFNetworking/NSURLSession (= 3.1.0)
    - AFNetworking/Reachability (= 3.1.0)
    - AFNetworking/Security (= 3.1.0)
    - AFNetworking/Serialization (= 3.1.0)
    - AFNetworking/UIKit (= 3.1.0)
  - AFNetworking/NSURLSession (3.1.0):
    - AFNetworking/Reachability
    - AFNetworking/Security
    - AFNetworking/Serialization
  - AFNetworking/Reachability (3.1.0)
  - AFNetworking/Security (3.1.0)
  - AFNetworking/Serialization (3.1.0)
  - AFNetworking/UIKit (3.1.0):
    - AFNetworking/NSURLSession
  - AGGeometryKit (1.2.4):
    - AGGeometryKit/CALayerProperties (= 1.2.4)
    - AGGeometryKit/UIViewProperties (= 1.2.4)
  - AGGeometryKit+POP (0.1):
    - AGGeometryKit+POP/Default (= 0.1)
  - AGGeometryKit+POP/Default (0.1):
    - AGGeometryKit (~> 1.0)
    - pop (~> 1.0.4)
  - AGGeometryKit/CALayerProperties (1.2.4)
  - AGGeometryKit/UIViewProperties (1.2.4)
  - BCMeshTransformView (0.9)
  - BGUtilities (1.5.0):
    - Colours
  - Block-KVO (2.2.3)
  - BlocksKit (2.2.5):
    - BlocksKit/All (= 2.2.5)
  - BlocksKit/All (2.2.5):
    - BlocksKit/Core
    - BlocksKit/DynamicDelegate
    - BlocksKit/MessageUI
    - BlocksKit/UIKit
  - BlocksKit/Core (2.2.5)
  - BlocksKit/DynamicDelegate (2.2.5)
  - BlocksKit/MessageUI (2.2.5):
    - BlocksKit/Core
    - BlocksKit/DynamicDelegate
  - BlocksKit/UIKit (2.2.5):
    - BlocksKit/Core
    - BlocksKit/DynamicDelegate
  - Bolts (1.7.0):
    - Bolts/AppLinks (= 1.7.0)
    - Bolts/Tasks (= 1.7.0)
  - Bolts/AppLinks (1.7.0):
    - Bolts/Tasks
  - Bolts/Tasks (1.7.0)
  - ChameleonFramework (2.1.0):
    - ChameleonFramework/Default (= 2.1.0)
  - ChameleonFramework/Default (2.1.0)
  - CocoaLumberjack (2.2.0):
    - CocoaLumberjack/Default (= 2.2.0)
    - CocoaLumberjack/Extensions (= 2.2.0)
  - CocoaLumberjack/Core (2.2.0)
  - CocoaLumberjack/Default (2.2.0):
    - CocoaLumberjack/Core
  - CocoaLumberjack/Extensions (2.2.0):
    - CocoaLumberjack/Default
  - Colours (5.13.0):
    - Colours/ObjC (= 5.13.0)
  - Colours/ObjC (5.13.0)
  - Crashlytics (3.7.1):
    - Fabric (~> 1.6.3)
  - DeviceUtil (1.3.7)
  - DFImageManager (2.0.1):
    - DFImageManager/Core (= 2.0.1)
    - DFImageManager/UI (= 2.0.1)
  - DFImageManager/Core (2.0.1)
  - DFImageManager/GIF (2.0.1):
    - DFImageManager/Core
    - DFImageManager/UI
    - FLAnimatedImage (~> 1.0)
  - DFImageManager/UI (2.0.1):
    - DFImageManager/Core
  - dyci (0.1.5.6):
    - dyci/Injections (= 0.1.5.6)
  - dyci/Injections (0.1.5.6)
  - Fabric (1.6.7)
  - FBSDKCoreKit (4.11.0):
    - Bolts (~> 1.7)
  - FBSDKLoginKit (4.11.0):
    - FBSDKCoreKit
  - FBSDKMessengerShareKit (1.3.2)
  - FBSDKShareKit (4.11.0):
    - FBSDKCoreKit
  - FCFileManager (1.0.17)
  - FLAnimatedImage (1.0.12)
  - FXNotifications (1.1)
  - GPUImage (0.1.7)
  - GusUtils (0.0.1)
  - iCarousel (1.8.2)
  - INTULocationManager (4.2.0)
  - iRate (1.11.4)
  - JVFloatLabeledTextField (1.1.0)
  - JXHTTP (3.0.2)
  - KikAPI (1.0.0):
    - UIImage-ResizeMagick
  - LineKit (1.4.1)
  - M13BadgeView (1.0.4)
  - M13OrderedDictionary (1.1.0)
  - M13ProgressSuite (1.2.7)
  - MMMaterialDesignSpinner (0.2.3)
  - MTGeometry (0.0.5)
  - MustOverride (1.1)
  - NGAParallaxMotion (1.1.0)
  - NHBalancedFlowLayout (0.2)
  - NSGIF2 (1.4.1)
  - NYXImagesKit (2.5)
  - ObjectiveSugar (1.1.0)
  - PAPreferences (0.5)
  - PINCache (2.2.2)
  - pop (1.0.9)
  - POP+MCAnimate (2.0.1):
    - pop (~> 1.0)
    - POP+MCAnimate/Animations (= 2.0.1)
    - POP+MCAnimate/Group (= 2.0.1)
    - POP+MCAnimate/Internal (= 2.0.1)
    - POP+MCAnimate/Shorthand (= 2.0.1)
    - POP+MCAnimate/Velocity (= 2.0.1)
  - POP+MCAnimate/Animations (2.0.1):
    - pop (~> 1.0)
    - POP+MCAnimate/Group
    - POP+MCAnimate/Internal
    - POP+MCAnimate/Shorthand
    - POP+MCAnimate/Velocity
  - POP+MCAnimate/Group (2.0.1):
    - pop (~> 1.0)
  - POP+MCAnimate/Internal (2.0.1):
    - pop (~> 1.0)
  - POP+MCAnimate/Shorthand (2.0.1):
    - pop (~> 1.0)
  - POP+MCAnimate/Velocity (2.0.1):
    - pop (~> 1.0)
    - POP+MCAnimate/Internal
  - Reachability (3.2)
  - Realm (0.99.1):
    - Realm/Headers (= 0.99.1)
  - Realm/Headers (0.99.1)
  - ReflectableEnum (0.1.1)
  - RMActionController (1.0.5)
  - RMStore (0.7.1):
    - RMStore/Core (= 0.7.1)
  - RMStore/Core (0.7.1)
  - RMStore/NSUserDefaultsPersistence (0.7.1):
    - RMStore/Core
  - SCViewShaker (1.0.2)
  - SDWebImage (3.7.5):
    - SDWebImage/Core (= 3.7.5)
  - SDWebImage/Core (3.7.5)
  - SoundManager (1.4.2)
  - Spectacles (1.0.1)
  - SVGKit (2.0.1):
    - CocoaLumberjack (~> 2.x)
  - TBMacros (0.2)
  - TMTumblrSDK/APIClient (4.0.4):
    - JXHTTP
    - TMTumblrSDK/APIClient/Authentication (= 4.0.4)
  - TMTumblrSDK/APIClient/Authentication (4.0.4):
    - JXHTTP
    - TMTumblrSDK/Core
  - TMTumblrSDK/AppClient (4.0.4):
    - TMTumblrSDK/Core
  - TMTumblrSDK/Core (4.0.4):
    - Spectacles (~> 1.0)
  - TOWebViewController (2.2.3):
    - TOWebViewController/Core (= 2.2.3)
  - TOWebViewController/Core (2.2.3)
  - TTTAttributedLabel (1.13.4)
  - UIAlertController+Blocks (0.9)
  - UIColor+BFPaperColors (1.7.2)
  - UIImage-ResizeMagick (0.0.1)
  - UIView+Positioning (1.1)
  - WCFastCell (1.1)

DEPENDENCIES:
  - AFNetworking (~> 3.0)
  - AGGeometryKit
  - AGGeometryKit+POP
  - BCMeshTransformView
  - BGUtilities
  - Block-KVO (from `https://github.com/iMartinKiss/Block-KVO.git`)
  - BlocksKit
  - Bolts
  - ChameleonFramework
  - Crashlytics
  - DeviceUtil (from `https://github.com/InderKumarRathore/DeviceUtil.git`)
  - DFImageManager
  - DFImageManager/GIF
  - dyci (from `https://github.com/metasmile/dyci-main.git`, branch `master`)
  - Fabric
  - FBSDKCoreKit
  - FBSDKLoginKit
  - FBSDKMessengerShareKit
  - FBSDKShareKit
  - FCFileManager
  - FXNotifications
  - GPUImage (from `./Podspec/GPUImage.podspec`)
  - GusUtils
  - iCarousel
  - INTULocationManager
  - iRate (from `https://github.com/nicklockwood/iRate.git`)
  - JVFloatLabeledTextField
  - KikAPI
  - LineKit
  - M13BadgeView
  - M13OrderedDictionary
  - M13ProgressSuite
  - MMMaterialDesignSpinner
  - MTGeometry
  - MustOverride
  - NGAParallaxMotion
  - NHBalancedFlowLayout (from `https://github.com/metasmile/NHBalancedFlowLayout`)
  - NSGIF2 (from `~/Documents/NSGIF`)
  - NYXImagesKit (from `https://github.com/metasmile/NYXImagesKit.git`, commit `c8a67d6`)
  - ObjectiveSugar
  - PAPreferences
  - PINCache
  - pop
  - POP+MCAnimate
  - Reachability
  - Realm
  - ReflectableEnum
  - RMActionController
  - RMStore (~> 0.7)
  - RMStore/NSUserDefaultsPersistence
  - SCViewShaker (~> 1.0)
  - SDWebImage
  - SoundManager
  - SVGKit (from `https://github.com/SVGKit/SVGKit.git`, branch `2.x`)
  - TBMacros
  - TMTumblrSDK/APIClient (from `https://github.com/VidMob/TMTumblrSDK.git`)
  - TMTumblrSDK/AppClient (from `https://github.com/VidMob/TMTumblrSDK.git`)
  - TMTumblrSDK/Core (from `https://github.com/VidMob/TMTumblrSDK.git`)
  - TOWebViewController
  - TTTAttributedLabel
  - UIAlertController+Blocks
  - UIColor+BFPaperColors
  - UIView+Positioning
  - WCFastCell

EXTERNAL SOURCES:
  Block-KVO:
    :git: https://github.com/iMartinKiss/Block-KVO.git
  DeviceUtil:
    :git: https://github.com/InderKumarRathore/DeviceUtil.git
  dyci:
    :branch: master
    :git: https://github.com/metasmile/dyci-main.git
  GPUImage:
    :podspec: "./Podspec/GPUImage.podspec"
  iRate:
    :git: https://github.com/nicklockwood/iRate.git
  NHBalancedFlowLayout:
    :git: https://github.com/metasmile/NHBalancedFlowLayout
  NSGIF2:
    :branch: master
    :commit: HEAD
    :path: "~/Documents/NSGIF"
  NYXImagesKit:
    :commit: c8a67d6
    :git: https://github.com/metasmile/NYXImagesKit.git
  SVGKit:
    :branch: 2.x
    :git: https://github.com/SVGKit/SVGKit.git
  TMTumblrSDK:
    :git: https://github.com/VidMob/TMTumblrSDK.git

CHECKOUT OPTIONS:
  Block-KVO:
    :commit: 81be9a72d4dafc98b0c3025a5d9b9b19b8b768e1
    :git: https://github.com/iMartinKiss/Block-KVO.git
  DeviceUtil:
    :commit: eee87e8db070918f0e1e207bbed4cac0d12ee94b
    :git: https://github.com/InderKumarRathore/DeviceUtil.git
  dyci:
    :commit: 105b63700a5872b8871975ceab3aae64f4b78518
    :git: https://github.com/metasmile/dyci-main.git
  iRate:
    :commit: edceac04b4c72ebd49a8fbaf19d4411ca18f5e9e
    :git: https://github.com/nicklockwood/iRate.git
  NHBalancedFlowLayout:
    :commit: b55dae3494f46299c40ff0ac9d855780574d4289
    :git: https://github.com/metasmile/NHBalancedFlowLayout
  NYXImagesKit:
    :commit: c8a67d6
    :git: https://github.com/metasmile/NYXImagesKit.git
  SVGKit:
    :commit: d9ae846e78d697ffb72366b9e3944034a35bafbd
    :git: https://github.com/SVGKit/SVGKit.git
  TMTumblrSDK:
    :commit: 2ba61837b408f8e33c21a5041bb1bf0cd5deeb53
    :git: https://github.com/VidMob/TMTumblrSDK.git

SPEC CHECKSUMS:
  AFNetworking: 5e0e199f73d8626b11e79750991f5d173d1f8b67
  AGGeometryKit: 2c2c39c9f99eb7a966f0aa16b2a97027dacc4761
  AGGeometryKit+POP: 72c980191db0646c31bed0b1ffd571e05f9ad029
  BCMeshTransformView: 25134f0d2f37f37a6189eafca1e2ae97172e069c
  BGUtilities: d0652914e1273ffcd48cc72a7f63705f5ee19af9
  Block-KVO: 2d335612191c0c4d63fe91cc78e735614c23eddf
  BlocksKit: 7f422b971407001178d181a43b99014ea2591fe6
  Bolts: a0058fa3b331c5a1e4402d534f2dae36dbff31e4
  ChameleonFramework: d21a3cc247abfe5e37609a283a8238b03575cf64
  CocoaLumberjack: 17fe8581f84914d5d7e6360f7c70022b173c3ae0
  Colours: f24220c38f13deac88612667e9b4a7fb96b871d4
  Crashlytics: 3cdd4c9655be68032a0cf0379e0fb5ef6af22cad
  DeviceUtil: faefd40ac954b37c68686c088c1d2f7dc103a3fc
  DFImageManager: c19b62a3e15d89f3532ae6fdb222531ec7e811b1
  dyci: 099c2e6dc98abb8f21b370cabbf1443ff700608a
  Fabric: caf7580c725e64db144f610ac65cd60956911dc7
  FBSDKCoreKit: 686ac982723a14ec9ddb85e2f81235d7706c891b
  FBSDKLoginKit: bade9fc78277764149ccc5bfaadbf13c83175c6a
  FBSDKMessengerShareKit: 41c0b1a667d685c9433f993eb9611b3d5074e1cb
  FBSDKShareKit: 2d1746144cfc8a9dbbd24997c34ee0471be51b6a
  FCFileManager: 8bfc931ce2a6223676147e9baf0e8a65c691eca6
  FLAnimatedImage: 4a0b56255d9b05f18b6dd7ee06871be5d3b89e31
  FXNotifications: 97e1ef1f4608dea5078a851846e8d47a379678b0
  GPUImage: e3da5d6afd40eefee072d183e6b0de9f76304b81
  GusUtils: b8c0be21dda8092413b178353250fc19a34a6d3d
  iCarousel: 67c8a43da5a46795b56aadfc96cd36a16f6149b2
  INTULocationManager: 73f8254b3d05c897c56bb13c190e5b7c648c0998
  iRate: 599ed07c854e0695f3c605d1b2a64c67d912acb7
  JVFloatLabeledTextField: ea4a3d8387ddd43724c472bb2b8ab39b79af05d4
  JXHTTP: c37120f210cd2dfcb3470d70239f5253335e2f1a
  KikAPI: 3b187e17466cda0022fcbd1cc32df47f77ee5529
  LineKit: 3c3ff477614c4d947d651560119c5176afc72951
  M13BadgeView: 700dd0714fdc837c0cf1c8c004454963ec22441f
  M13OrderedDictionary: 6e157fe9c82aa6b3cd7198f5c5c30c7a6834c4a6
  M13ProgressSuite: 03d194af6359da440641ba758aed5a18b0386a86
  MMMaterialDesignSpinner: 55c80b454f7928d0ed789cc3c456fa06bd6a2f16
  MTGeometry: 2468b2ac30e2391ae272d5545a38ead8bbebe327
  MustOverride: feccf16d11e574a814a03d940b9f4d7b4a759ce0
  NGAParallaxMotion: 8772f51f75e5177840053229bbf32bf6f7687e52
  NHBalancedFlowLayout: fd253023c6754e605acdb180d50123e582cc62bb
  NSGIF2: 7996b1fe515d72acfdc98e1a7b543a7b36f3737b
  NYXImagesKit: d8159393e1b0c6e900574b737d42db8d7d1a0d4c
  ObjectiveSugar: a6a25f23d657c19df0a0b972466d5b5ca9f5295c
  PAPreferences: 9f0ffb1e67174a0df001af9d3320166ceb9ee6f5
  PINCache: 078426d356ab95ef875e9e62e5c35a2ea3333c28
  pop: f667631a5108a2e60d9e8797c9b32ddaf2080bce
  POP+MCAnimate: a99e209148c602512de487f1160a44bf78572024
  Reachability: 33e18b67625424e47b6cde6d202dce689ad7af96
  Realm: 522a0cc8e1f8755ee56d7dc16ca0fc380d045766
  ReflectableEnum: bf9d36f8c35122242125140a22b8921d071989aa
  RMActionController: b83653e7452ed51492094d65dc82151c36443c03
  RMStore: 64ba13a9c040e3b7572765d169f77175cd3243e5
  SCViewShaker: ebd2937cc5ac1de808164bcb5be2a23c8a6e7ab6
  SDWebImage: 69c6303e3348fba97e03f65d65d4fbc26740f461
  SoundManager: 99ae328a3ec9b259db774c9851a65feeceba8183
  Spectacles: 8dc60711140320653724560e2d6bbb8a8f0940e4
  SVGKit: 2afbeaf2c2be4615476951284750c3ddb790d0c7
  TBMacros: cdbe91b7fff6f2e2daa14a495448c218b75aaea7
  TMTumblrSDK: 7b253e968a31f515aee0ee5f7e5faa8b7b0d0470
  TOWebViewController: ca47b9aeefe66acb3353d197dc8270338540b116
  TTTAttributedLabel: 0a2ac7b2dd726d32a070dafb01446026b11e624f
  UIAlertController+Blocks: b48c673ff60726da468b32ab21bbc7683512d45b
  UIColor+BFPaperColors: 03101fe6c10ed00c6daae7c26553f1de41500853
  UIImage-ResizeMagick: f08c2d14d1e8a5f0b402185408785540562f2fe7
  UIView+Positioning: e93fe9e3186d1ed7d60e344aa12787911e902056
  WCFastCell: 3e20a0c711d27307584bdbd359a44a714e991151

COCOAPODS: 0.39.0
