// !$*UTF8*$!
{
	archiveVersion = 1;
	classes = {
	};
	objectVersion = 46;
	objects = {

/* Begin PBXBuildFile section */
		980185DB1F00B56D0099173C /* DKAssetGroup.m in Sources */ = {isa = PBXBuildFile; fileRef = 980185DA1F00B56D0099173C /* DKAssetGroup.m */; };
		980185E11F00BA8B0099173C /* DKImageResource.m in Sources */ = {isa = PBXBuildFile; fileRef = 980185E01F00BA8B0099173C /* DKImageResource.m */; };
		980185E71F00E3E70099173C /* DKCameraResource.bundle in Resources */ = {isa = PBXBuildFile; fileRef = 980185E61F00E3E70099173C /* DKCameraResource.bundle */; };
		980185E91F00E4880099173C /* DKImagePickerController.bundle in Resources */ = {isa = PBXBuildFile; fileRef = 980185E81F00E4880099173C /* DKImagePickerController.bundle */; };
		980185ED1F00E5F00099173C /* DKAssetGroupDetailBaseCell.m in Sources */ = {isa = PBXBuildFile; fileRef = 980185EC1F00E5F00099173C /* DKAssetGroupDetailBaseCell.m */; };
		980185F01F00E8170099173C /* DKAssetGroupDetailCameraCell.m in Sources */ = {isa = PBXBuildFile; fileRef = 980185EF1F00E8170099173C /* DKAssetGroupDetailCameraCell.m */; };
		980185F31F00E9A80099173C /* DKAssetGroupDetailImageCell.m in Sources */ = {isa = PBXBuildFile; fileRef = 980185F21F00E9A80099173C /* DKAssetGroupDetailImageCell.m */; };
		980185F61F00EF090099173C /* DKAssetGroupDetailVideoCell.m in Sources */ = {isa = PBXBuildFile; fileRef = 980185F51F00EF090099173C /* DKAssetGroupDetailVideoCell.m */; };
		980185F91F00F89A0099173C /* DKAssetGroupGridLayout.m in Sources */ = {isa = PBXBuildFile; fileRef = 980185F81F00F89A0099173C /* DKAssetGroupGridLayout.m */; };
		980185FC1F0101010099173C /* DKImagePickerController.m in Sources */ = {isa = PBXBuildFile; fileRef = 980185FB1F0101010099173C /* DKImagePickerController.m */; };
		980185FF1F01068D0099173C /* DKImagePickerControllerDefaultUIDelegate.m in Sources */ = {isa = PBXBuildFile; fileRef = 980185FE1F01068D0099173C /* DKImagePickerControllerDefaultUIDelegate.m */; };
		980186021F02065D0099173C /* DKAssetGroupDetailVC.m in Sources */ = {isa = PBXBuildFile; fileRef = 980186011F02065D0099173C /* DKAssetGroupDetailVC.m */; };
		980629D01F09DB89004B74C9 /* DKPopoverViewController.m in Sources */ = {isa = PBXBuildFile; fileRef = 980629CF1F09DB89004B74C9 /* DKPopoverViewController.m */; };
		981EF64A1F0489250029B36E /* DKAssetGroupListVC.m in Sources */ = {isa = PBXBuildFile; fileRef = 981EF6491F0489250029B36E /* DKAssetGroupListVC.m */; };
		98487FCA1F1355C50063AA13 /* CustomFlowLayout.m in Sources */ = {isa = PBXBuildFile; fileRef = 98487FC91F1355C50063AA13 /* CustomFlowLayout.m */; };
		98487FCD1F1356900063AA13 /* CustomLayoutUIDelegate.m in Sources */ = {isa = PBXBuildFile; fileRef = 98487FCC1F1356900063AA13 /* CustomLayoutUIDelegate.m */; };
		98881ADA1EFCE90D008B9B13 /* main.m in Sources */ = {isa = PBXBuildFile; fileRef = 98881AD91EFCE90D008B9B13 /* main.m */; };
		98881ADD1EFCE90D008B9B13 /* AppDelegate.m in Sources */ = {isa = PBXBuildFile; fileRef = 98881ADC1EFCE90D008B9B13 /* AppDelegate.m */; };
		98881AE01EFCE90D008B9B13 /* ViewController.m in Sources */ = {isa = PBXBuildFile; fileRef = 98881ADF1EFCE90D008B9B13 /* ViewController.m */; };
		98881AE31EFCE90D008B9B13 /* Main.storyboard in Resources */ = {isa = PBXBuildFile; fileRef = 98881AE11EFCE90D008B9B13 /* Main.storyboard */; };
		98881AE51EFCE90D008B9B13 /* Assets.xcassets in Resources */ = {isa = PBXBuildFile; fileRef = 98881AE41EFCE90D008B9B13 /* Assets.xcassets */; };
		98881AE81EFCE90D008B9B13 /* LaunchScreen.storyboard in Resources */ = {isa = PBXBuildFile; fileRef = 98881AE61EFCE90D008B9B13 /* LaunchScreen.storyboard */; };
		98881AF31EFCE90D008B9B13 /* DKImagePickerControllerDemo_OCTests.m in Sources */ = {isa = PBXBuildFile; fileRef = 98881AF21EFCE90D008B9B13 /* DKImagePickerControllerDemo_OCTests.m */; };
		98881AFE1EFCE90D008B9B13 /* DKImagePickerControllerDemo_OCUITests.m in Sources */ = {isa = PBXBuildFile; fileRef = 98881AFD1EFCE90D008B9B13 /* DKImagePickerControllerDemo_OCUITests.m */; };
		98881B0D1EFCF0C0008B9B13 /* DKImagePickerControllerDemoVC.m in Sources */ = {isa = PBXBuildFile; fileRef = 98881B0C1EFCF0C0008B9B13 /* DKImagePickerControllerDemoVC.m */; };
		98881B141EFCF324008B9B13 /* DKImageManager.m in Sources */ = {isa = PBXBuildFile; fileRef = 98881B131EFCF324008B9B13 /* DKImageManager.m */; };
		98881B171EFCFD91008B9B13 /* DKGroupDataManager.m in Sources */ = {isa = PBXBuildFile; fileRef = 98881B161EFCFD91008B9B13 /* DKGroupDataManager.m */; };
		98881B1A1EFCFDDE008B9B13 /* DKAsset.m in Sources */ = {isa = PBXBuildFile; fileRef = 98881B191EFCFDDE008B9B13 /* DKAsset.m */; };
		989163711F0B68E8002E8DC3 /* DKCamera.m in Sources */ = {isa = PBXBuildFile; fileRef = 989163701F0B68E8002E8DC3 /* DKCamera.m */; };
		989163741F0CCA97002E8DC3 /* DKPermissionView.m in Sources */ = {isa = PBXBuildFile; fileRef = 989163731F0CCA97002E8DC3 /* DKPermissionView.m */; };
		989163771F0E183F002E8DC3 /* DKBaseManager.m in Sources */ = {isa = PBXBuildFile; fileRef = 989163761F0E183F002E8DC3 /* DKBaseManager.m */; };
		9891637D1F0F6D01002E8DC3 /* CustomCameraUIDelegate.m in Sources */ = {isa = PBXBuildFile; fileRef = 9891637C1F0F6D01002E8DC3 /* CustomCameraUIDelegate.m */; };
		989163801F0F6D80002E8DC3 /* CustomCamera.m in Sources */ = {isa = PBXBuildFile; fileRef = 9891637F1F0F6D80002E8DC3 /* CustomCamera.m */; };
		989163831F0F7B13002E8DC3 /* CustomUIDelegate.m in Sources */ = {isa = PBXBuildFile; fileRef = 989163821F0F7B13002E8DC3 /* CustomUIDelegate.m */; };
		98A623451F13238C00BB9D2A /* CustomGroupDetailImageCell.m in Sources */ = {isa = PBXBuildFile; fileRef = 98A623441F13238C00BB9D2A /* CustomGroupDetailImageCell.m */; };
		98A623481F13270B00BB9D2A /* CustomGroupDetailCameraCell.m in Sources */ = {isa = PBXBuildFile; fileRef = 98A623471F13270B00BB9D2A /* CustomGroupDetailCameraCell.m */; };
/* End PBXBuildFile section */

/* Begin PBXContainerItemProxy section */
		98881AEF1EFCE90D008B9B13 /* PBXContainerItemProxy */ = {
			isa = PBXContainerItemProxy;
			containerPortal = 98881ACD1EFCE90D008B9B13 /* Project object */;
			proxyType = 1;
			remoteGlobalIDString = 98881AD41EFCE90D008B9B13;
			remoteInfo = DKImagePickerControllerDemo_OC;
		};
		98881AFA1EFCE90D008B9B13 /* PBXContainerItemProxy */ = {
			isa = PBXContainerItemProxy;
			containerPortal = 98881ACD1EFCE90D008B9B13 /* Project object */;
			proxyType = 1;
			remoteGlobalIDString = 98881AD41EFCE90D008B9B13;
			remoteInfo = DKImagePickerControllerDemo_OC;
		};
/* End PBXContainerItemProxy section */

/* Begin PBXFileReference section */
		980185D91F00B56D0099173C /* DKAssetGroup.h */ = {isa = PBXFileReference; fileEncoding = 4; lastKnownFileType = sourcecode.c.h; path = DKAssetGroup.h; sourceTree = "<group>"; };
		980185DA1F00B56D0099173C /* DKAssetGroup.m */ = {isa = PBXFileReference; fileEncoding = 4; lastKnownFileType = sourcecode.c.objc; path = DKAssetGroup.m; sourceTree = "<group>"; };
		980185DF1F00BA8B0099173C /* DKImageResource.h */ = {isa = PBXFileReference; fileEncoding = 4; lastKnownFileType = sourcecode.c.h; path = DKImageResource.h; sourceTree = "<group>"; };
		980185E01F00BA8B0099173C /* DKImageResource.m */ = {isa = PBXFileReference; fileEncoding = 4; lastKnownFileType = sourcecode.c.objc; path = DKImageResource.m; sourceTree = "<group>"; };
		980185E61F00E3E70099173C /* DKCameraResource.bundle */ = {isa = PBXFileReference; lastKnownFileType = "wrapper.plug-in"; path = DKCameraResource.bundle; sourceTree = "<group>"; };
		980185E81F00E4880099173C /* DKImagePickerController.bundle */ = {isa = PBXFileReference; lastKnownFileType = "wrapper.plug-in"; path = DKImagePickerController.bundle; sourceTree = "<group>"; };
		980185EB1F00E5F00099173C /* DKAssetGroupDetailBaseCell.h */ = {isa = PBXFileReference; fileEncoding = 4; lastKnownFileType = sourcecode.c.h; path = DKAssetGroupDetailBaseCell.h; sourceTree = "<group>"; };
		980185EC1F00E5F00099173C /* DKAssetGroupDetailBaseCell.m */ = {isa = PBXFileReference; fileEncoding = 4; lastKnownFileType = sourcecode.c.objc; path = DKAssetGroupDetailBaseCell.m; sourceTree = "<group>"; };
		980185EE1F00E8170099173C /* DKAssetGroupDetailCameraCell.h */ = {isa = PBXFileReference; fileEncoding = 4; lastKnownFileType = sourcecode.c.h; path = DKAssetGroupDetailCameraCell.h; sourceTree = "<group>"; };
		980185EF1F00E8170099173C /* DKAssetGroupDetailCameraCell.m */ = {isa = PBXFileReference; fileEncoding = 4; lastKnownFileType = sourcecode.c.objc; path = DKAssetGroupDetailCameraCell.m; sourceTree = "<group>"; };
		980185F11F00E9A80099173C /* DKAssetGroupDetailImageCell.h */ = {isa = PBXFileReference; fileEncoding = 4; lastKnownFileType = sourcecode.c.h; path = DKAssetGroupDetailImageCell.h; sourceTree = "<group>"; };
		980185F21F00E9A80099173C /* DKAssetGroupDetailImageCell.m */ = {isa = PBXFileReference; fileEncoding = 4; lastKnownFileType = sourcecode.c.objc; path = DKAssetGroupDetailImageCell.m; sourceTree = "<group>"; };
		980185F41F00EF090099173C /* DKAssetGroupDetailVideoCell.h */ = {isa = PBXFileReference; fileEncoding = 4; lastKnownFileType = sourcecode.c.h; path = DKAssetGroupDetailVideoCell.h; sourceTree = "<group>"; };
		980185F51F00EF090099173C /* DKAssetGroupDetailVideoCell.m */ = {isa = PBXFileReference; fileEncoding = 4; lastKnownFileType = sourcecode.c.objc; path = DKAssetGroupDetailVideoCell.m; sourceTree = "<group>"; };
		980185F71F00F89A0099173C /* DKAssetGroupGridLayout.h */ = {isa = PBXFileReference; fileEncoding = 4; lastKnownFileType = sourcecode.c.h; path = DKAssetGroupGridLayout.h; sourceTree = "<group>"; };
		980185F81F00F89A0099173C /* DKAssetGroupGridLayout.m */ = {isa = PBXFileReference; fileEncoding = 4; lastKnownFileType = sourcecode.c.objc; path = DKAssetGroupGridLayout.m; sourceTree = "<group>"; };
		980185FA1F0101010099173C /* DKImagePickerController.h */ = {isa = PBXFileReference; fileEncoding = 4; lastKnownFileType = sourcecode.c.h; path = DKImagePickerController.h; sourceTree = "<group>"; };
		980185FB1F0101010099173C /* DKImagePickerController.m */ = {isa = PBXFileReference; fileEncoding = 4; lastKnownFileType = sourcecode.c.objc; path = DKImagePickerController.m; sourceTree = "<group>"; };
		980185FD1F01068D0099173C /* DKImagePickerControllerDefaultUIDelegate.h */ = {isa = PBXFileReference; fileEncoding = 4; lastKnownFileType = sourcecode.c.h; path = DKImagePickerControllerDefaultUIDelegate.h; sourceTree = "<group>"; };
		980185FE1F01068D0099173C /* DKImagePickerControllerDefaultUIDelegate.m */ = {isa = PBXFileReference; fileEncoding = 4; lastKnownFileType = sourcecode.c.objc; path = DKImagePickerControllerDefaultUIDelegate.m; sourceTree = "<group>"; };
		980186001F02065D0099173C /* DKAssetGroupDetailVC.h */ = {isa = PBXFileReference; fileEncoding = 4; lastKnownFileType = sourcecode.c.h; path = DKAssetGroupDetailVC.h; sourceTree = "<group>"; };
		980186011F02065D0099173C /* DKAssetGroupDetailVC.m */ = {isa = PBXFileReference; fileEncoding = 4; lastKnownFileType = sourcecode.c.objc; path = DKAssetGroupDetailVC.m; sourceTree = "<group>"; };
		980629CE1F09DB89004B74C9 /* DKPopoverViewController.h */ = {isa = PBXFileReference; fileEncoding = 4; lastKnownFileType = sourcecode.c.h; path = DKPopoverViewController.h; sourceTree = "<group>"; };
		980629CF1F09DB89004B74C9 /* DKPopoverViewController.m */ = {isa = PBXFileReference; fileEncoding = 4; lastKnownFileType = sourcecode.c.objc; path = DKPopoverViewController.m; sourceTree = "<group>"; };
		981EF6481F0489250029B36E /* DKAssetGroupListVC.h */ = {isa = PBXFileReference; fileEncoding = 4; lastKnownFileType = sourcecode.c.h; path = DKAssetGroupListVC.h; sourceTree = "<group>"; };
		981EF6491F0489250029B36E /* DKAssetGroupListVC.m */ = {isa = PBXFileReference; fileEncoding = 4; lastKnownFileType = sourcecode.c.objc; path = DKAssetGroupListVC.m; sourceTree = "<group>"; };
		98487FC81F1355C50063AA13 /* CustomFlowLayout.h */ = {isa = PBXFileReference; fileEncoding = 4; lastKnownFileType = sourcecode.c.h; path = CustomFlowLayout.h; sourceTree = "<group>"; };
		98487FC91F1355C50063AA13 /* CustomFlowLayout.m */ = {isa = PBXFileReference; fileEncoding = 4; lastKnownFileType = sourcecode.c.objc; path = CustomFlowLayout.m; sourceTree = "<group>"; };
		98487FCB1F1356900063AA13 /* CustomLayoutUIDelegate.h */ = {isa = PBXFileReference; fileEncoding = 4; lastKnownFileType = sourcecode.c.h; path = CustomLayoutUIDelegate.h; sourceTree = "<group>"; };
		98487FCC1F1356900063AA13 /* CustomLayoutUIDelegate.m */ = {isa = PBXFileReference; fileEncoding = 4; lastKnownFileType = sourcecode.c.objc; path = CustomLayoutUIDelegate.m; sourceTree = "<group>"; };
		98826C841F146A1B00BF7E2A /* zh-Hans */ = {isa = PBXFileReference; lastKnownFileType = text.plist.strings; name = "zh-Hans"; path = "zh-Hans.lproj/Main.strings"; sourceTree = "<group>"; };
		98826C851F146A1B00BF7E2A /* zh-Hans */ = {isa = PBXFileReference; lastKnownFileType = text.plist.strings; name = "zh-Hans"; path = "zh-Hans.lproj/LaunchScreen.strings"; sourceTree = "<group>"; };
		98881AD51EFCE90D008B9B13 /* DKImagePickerControllerDemo_OC.app */ = {isa = PBXFileReference; explicitFileType = wrapper.application; includeInIndex = 0; path = DKImagePickerControllerDemo_OC.app; sourceTree = BUILT_PRODUCTS_DIR; };
		98881AD91EFCE90D008B9B13 /* main.m */ = {isa = PBXFileReference; lastKnownFileType = sourcecode.c.objc; path = main.m; sourceTree = "<group>"; };
		98881ADB1EFCE90D008B9B13 /* AppDelegate.h */ = {isa = PBXFileReference; lastKnownFileType = sourcecode.c.h; path = AppDelegate.h; sourceTree = "<group>"; };
		98881ADC1EFCE90D008B9B13 /* AppDelegate.m */ = {isa = PBXFileReference; lastKnownFileType = sourcecode.c.objc; path = AppDelegate.m; sourceTree = "<group>"; };
		98881ADE1EFCE90D008B9B13 /* ViewController.h */ = {isa = PBXFileReference; lastKnownFileType = sourcecode.c.h; path = ViewController.h; sourceTree = "<group>"; };
		98881ADF1EFCE90D008B9B13 /* ViewController.m */ = {isa = PBXFileReference; lastKnownFileType = sourcecode.c.objc; path = ViewController.m; sourceTree = "<group>"; };
		98881AE21EFCE90D008B9B13 /* Base */ = {isa = PBXFileReference; lastKnownFileType = file.storyboard; name = Base; path = Base.lproj/Main.storyboard; sourceTree = "<group>"; };
		98881AE41EFCE90D008B9B13 /* Assets.xcassets */ = {isa = PBXFileReference; lastKnownFileType = folder.assetcatalog; path = Assets.xcassets; sourceTree = "<group>"; };
		98881AE71EFCE90D008B9B13 /* Base */ = {isa = PBXFileReference; lastKnownFileType = file.storyboard; name = Base; path = Base.lproj/LaunchScreen.storyboard; sourceTree = "<group>"; };
		98881AE91EFCE90D008B9B13 /* Info.plist */ = {isa = PBXFileReference; lastKnownFileType = text.plist.xml; path = Info.plist; sourceTree = "<group>"; };
		98881AEE1EFCE90D008B9B13 /* DKImagePickerControllerDemo_OCTests.xctest */ = {isa = PBXFileReference; explicitFileType = wrapper.cfbundle; includeInIndex = 0; path = DKImagePickerControllerDemo_OCTests.xctest; sourceTree = BUILT_PRODUCTS_DIR; };
		98881AF21EFCE90D008B9B13 /* DKImagePickerControllerDemo_OCTests.m */ = {isa = PBXFileReference; lastKnownFileType = sourcecode.c.objc; path = DKImagePickerControllerDemo_OCTests.m; sourceTree = "<group>"; };
		98881AF41EFCE90D008B9B13 /* Info.plist */ = {isa = PBXFileReference; lastKnownFileType = text.plist.xml; path = Info.plist; sourceTree = "<group>"; };
		98881AF91EFCE90D008B9B13 /* DKImagePickerControllerDemo_OCUITests.xctest */ = {isa = PBXFileReference; explicitFileType = wrapper.cfbundle; includeInIndex = 0; path = DKImagePickerControllerDemo_OCUITests.xctest; sourceTree = BUILT_PRODUCTS_DIR; };
		98881AFD1EFCE90D008B9B13 /* DKImagePickerControllerDemo_OCUITests.m */ = {isa = PBXFileReference; lastKnownFileType = sourcecode.c.objc; path = DKImagePickerControllerDemo_OCUITests.m; sourceTree = "<group>"; };
		98881AFF1EFCE90D008B9B13 /* Info.plist */ = {isa = PBXFileReference; lastKnownFileType = text.plist.xml; path = Info.plist; sourceTree = "<group>"; };
		98881B0B1EFCF0C0008B9B13 /* DKImagePickerControllerDemoVC.h */ = {isa = PBXFileReference; fileEncoding = 4; lastKnownFileType = sourcecode.c.h; path = DKImagePickerControllerDemoVC.h; sourceTree = "<group>"; };
		98881B0C1EFCF0C0008B9B13 /* DKImagePickerControllerDemoVC.m */ = {isa = PBXFileReference; fileEncoding = 4; lastKnownFileType = sourcecode.c.objc; path = DKImagePickerControllerDemoVC.m; sourceTree = "<group>"; };
		98881B121EFCF324008B9B13 /* DKImageManager.h */ = {isa = PBXFileReference; fileEncoding = 4; lastKnownFileType = sourcecode.c.h; path = DKImageManager.h; sourceTree = "<group>"; };
		98881B131EFCF324008B9B13 /* DKImageManager.m */ = {isa = PBXFileReference; fileEncoding = 4; lastKnownFileType = sourcecode.c.objc; path = DKImageManager.m; sourceTree = "<group>"; };
		98881B151EFCFD91008B9B13 /* DKGroupDataManager.h */ = {isa = PBXFileReference; fileEncoding = 4; lastKnownFileType = sourcecode.c.h; path = DKGroupDataManager.h; sourceTree = "<group>"; };
		98881B161EFCFD91008B9B13 /* DKGroupDataManager.m */ = {isa = PBXFileReference; fileEncoding = 4; lastKnownFileType = sourcecode.c.objc; path = DKGroupDataManager.m; sourceTree = "<group>"; };
		98881B181EFCFDDE008B9B13 /* DKAsset.h */ = {isa = PBXFileReference; fileEncoding = 4; lastKnownFileType = sourcecode.c.h; path = DKAsset.h; sourceTree = "<group>"; };
		98881B191EFCFDDE008B9B13 /* DKAsset.m */ = {isa = PBXFileReference; fileEncoding = 4; lastKnownFileType = sourcecode.c.objc; path = DKAsset.m; sourceTree = "<group>"; };
		9891636F1F0B68E8002E8DC3 /* DKCamera.h */ = {isa = PBXFileReference; fileEncoding = 4; lastKnownFileType = sourcecode.c.h; path = DKCamera.h; sourceTree = "<group>"; };
		989163701F0B68E8002E8DC3 /* DKCamera.m */ = {isa = PBXFileReference; fileEncoding = 4; lastKnownFileType = sourcecode.c.objc; path = DKCamera.m; sourceTree = "<group>"; };
		989163721F0CCA97002E8DC3 /* DKPermissionView.h */ = {isa = PBXFileReference; fileEncoding = 4; lastKnownFileType = sourcecode.c.h; path = DKPermissionView.h; sourceTree = "<group>"; };
		989163731F0CCA97002E8DC3 /* DKPermissionView.m */ = {isa = PBXFileReference; fileEncoding = 4; lastKnownFileType = sourcecode.c.objc; path = DKPermissionView.m; sourceTree = "<group>"; };
		989163751F0E183F002E8DC3 /* DKBaseManager.h */ = {isa = PBXFileReference; fileEncoding = 4; lastKnownFileType = sourcecode.c.h; path = DKBaseManager.h; sourceTree = "<group>"; };
		989163761F0E183F002E8DC3 /* DKBaseManager.m */ = {isa = PBXFileReference; fileEncoding = 4; lastKnownFileType = sourcecode.c.objc; path = DKBaseManager.m; sourceTree = "<group>"; };
		9891637B1F0F6D01002E8DC3 /* CustomCameraUIDelegate.h */ = {isa = PBXFileReference; fileEncoding = 4; lastKnownFileType = sourcecode.c.h; path = CustomCameraUIDelegate.h; sourceTree = "<group>"; };
		9891637C1F0F6D01002E8DC3 /* CustomCameraUIDelegate.m */ = {isa = PBXFileReference; fileEncoding = 4; lastKnownFileType = sourcecode.c.objc; path = CustomCameraUIDelegate.m; sourceTree = "<group>"; };
		9891637E1F0F6D80002E8DC3 /* CustomCamera.h */ = {isa = PBXFileReference; fileEncoding = 4; lastKnownFileType = sourcecode.c.h; path = CustomCamera.h; sourceTree = "<group>"; };
		9891637F1F0F6D80002E8DC3 /* CustomCamera.m */ = {isa = PBXFileReference; fileEncoding = 4; lastKnownFileType = sourcecode.c.objc; path = CustomCamera.m; sourceTree = "<group>"; };
		989163811F0F7B13002E8DC3 /* CustomUIDelegate.h */ = {isa = PBXFileReference; fileEncoding = 4; lastKnownFileType = sourcecode.c.h; path = CustomUIDelegate.h; sourceTree = "<group>"; };
		989163821F0F7B13002E8DC3 /* CustomUIDelegate.m */ = {isa = PBXFileReference; fileEncoding = 4; lastKnownFileType = sourcecode.c.objc; path = CustomUIDelegate.m; sourceTree = "<group>"; };
		98A623431F13238C00BB9D2A /* CustomGroupDetailImageCell.h */ = {isa = PBXFileReference; fileEncoding = 4; lastKnownFileType = sourcecode.c.h; path = CustomGroupDetailImageCell.h; sourceTree = "<group>"; };
		98A623441F13238C00BB9D2A /* CustomGroupDetailImageCell.m */ = {isa = PBXFileReference; fileEncoding = 4; lastKnownFileType = sourcecode.c.objc; path = CustomGroupDetailImageCell.m; sourceTree = "<group>"; };
		98A623461F13270B00BB9D2A /* CustomGroupDetailCameraCell.h */ = {isa = PBXFileReference; fileEncoding = 4; lastKnownFileType = sourcecode.c.h; path = CustomGroupDetailCameraCell.h; sourceTree = "<group>"; };
		98A623471F13270B00BB9D2A /* CustomGroupDetailCameraCell.m */ = {isa = PBXFileReference; fileEncoding = 4; lastKnownFileType = sourcecode.c.objc; path = CustomGroupDetailCameraCell.m; sourceTree = "<group>"; };
/* End PBXFileReference section */

/* Begin PBXFrameworksBuildPhase section */
		98881AD21EFCE90D008B9B13 /* Frameworks */ = {
			isa = PBXFrameworksBuildPhase;
			buildActionMask = 2147483647;
			files = (
			);
			runOnlyForDeploymentPostprocessing = 0;
		};
		98881AEB1EFCE90D008B9B13 /* Frameworks */ = {
			isa = PBXFrameworksBuildPhase;
			buildActionMask = 2147483647;
			files = (
			);
			runOnlyForDeploymentPostprocessing = 0;
		};
		98881AF61EFCE90D008B9B13 /* Frameworks */ = {
			isa = PBXFrameworksBuildPhase;
			buildActionMask = 2147483647;
			files = (
			);
			runOnlyForDeploymentPostprocessing = 0;
		};
/* End PBXFrameworksBuildPhase section */

/* Begin PBXGroup section */
		980185DC1F00BA580099173C /* DKImagePickerController */ = {
			isa = PBXGroup;
			children = (
				980185FA1F0101010099173C /* DKImagePickerController.h */,
				980185FB1F0101010099173C /* DKImagePickerController.m */,
				980185FD1F01068D0099173C /* DKImagePickerControllerDefaultUIDelegate.h */,
				980185FE1F01068D0099173C /* DKImagePickerControllerDefaultUIDelegate.m */,
				980185DD1F00BA580099173C /* View */,
				980185DF1F00BA8B0099173C /* DKImageResource.h */,
				980185E01F00BA8B0099173C /* DKImageResource.m */,
				980185E81F00E4880099173C /* DKImagePickerController.bundle */,
				980629CE1F09DB89004B74C9 /* DKPopoverViewController.h */,
				980629CF1F09DB89004B74C9 /* DKPopoverViewController.m */,
			);
			path = DKImagePickerController;
			sourceTree = "<group>";
		};
		980185DD1F00BA580099173C /* View */ = {
			isa = PBXGroup;
			children = (
				980185DE1F00BA580099173C /* Cell */,
				980185F71F00F89A0099173C /* DKAssetGroupGridLayout.h */,
				980185F81F00F89A0099173C /* DKAssetGroupGridLayout.m */,
				980186001F02065D0099173C /* DKAssetGroupDetailVC.h */,
				980186011F02065D0099173C /* DKAssetGroupDetailVC.m */,
				981EF6481F0489250029B36E /* DKAssetGroupListVC.h */,
				981EF6491F0489250029B36E /* DKAssetGroupListVC.m */,
				989163721F0CCA97002E8DC3 /* DKPermissionView.h */,
				989163731F0CCA97002E8DC3 /* DKPermissionView.m */,
			);
			path = View;
			sourceTree = "<group>";
		};
		980185DE1F00BA580099173C /* Cell */ = {
			isa = PBXGroup;
			children = (
				980185EB1F00E5F00099173C /* DKAssetGroupDetailBaseCell.h */,
				980185EC1F00E5F00099173C /* DKAssetGroupDetailBaseCell.m */,
				980185EE1F00E8170099173C /* DKAssetGroupDetailCameraCell.h */,
				980185EF1F00E8170099173C /* DKAssetGroupDetailCameraCell.m */,
				980185F11F00E9A80099173C /* DKAssetGroupDetailImageCell.h */,
				980185F21F00E9A80099173C /* DKAssetGroupDetailImageCell.m */,
				980185F41F00EF090099173C /* DKAssetGroupDetailVideoCell.h */,
				980185F51F00EF090099173C /* DKAssetGroupDetailVideoCell.m */,
			);
			path = Cell;
			sourceTree = "<group>";
		};
		980185E51F00E3AF0099173C /* DKCamera */ = {
			isa = PBXGroup;
			children = (
				9891636F1F0B68E8002E8DC3 /* DKCamera.h */,
				989163701F0B68E8002E8DC3 /* DKCamera.m */,
				980185E61F00E3E70099173C /* DKCameraResource.bundle */,
			);
			path = DKCamera;
			sourceTree = "<group>";
		};
		98881ACC1EFCE90D008B9B13 = {
			isa = PBXGroup;
			children = (
				98881AD71EFCE90D008B9B13 /* DKImagePickerControllerDemo_OC */,
				98881AF11EFCE90D008B9B13 /* DKImagePickerControllerDemo_OCTests */,
				98881AFC1EFCE90D008B9B13 /* DKImagePickerControllerDemo_OCUITests */,
				98881AD61EFCE90D008B9B13 /* Products */,
			);
			sourceTree = "<group>";
		};
		98881AD61EFCE90D008B9B13 /* Products */ = {
			isa = PBXGroup;
			children = (
				98881AD51EFCE90D008B9B13 /* DKImagePickerControllerDemo_OC.app */,
				98881AEE1EFCE90D008B9B13 /* DKImagePickerControllerDemo_OCTests.xctest */,
				98881AF91EFCE90D008B9B13 /* DKImagePickerControllerDemo_OCUITests.xctest */,
			);
			name = Products;
			sourceTree = "<group>";
		};
		98881AD71EFCE90D008B9B13 /* DKImagePickerControllerDemo_OC */ = {
			isa = PBXGroup;
			children = (
				98881B0E1EFCF2E2008B9B13 /* Source */,
				98881ADB1EFCE90D008B9B13 /* AppDelegate.h */,
				98881ADC1EFCE90D008B9B13 /* AppDelegate.m */,
				98881B0B1EFCF0C0008B9B13 /* DKImagePickerControllerDemoVC.h */,
				98881B0C1EFCF0C0008B9B13 /* DKImagePickerControllerDemoVC.m */,
				98881ADE1EFCE90D008B9B13 /* ViewController.h */,
				98881ADF1EFCE90D008B9B13 /* ViewController.m */,
				989163781F0F6CCA002E8DC3 /* CustomCameraUIDelegate */,
				989163791F0F6CCA002E8DC3 /* CustomLayoutUIDelegate */,
				9891637A1F0F6CCA002E8DC3 /* CustomUIDelegate */,
				98881AE11EFCE90D008B9B13 /* Main.storyboard */,
				98881AE41EFCE90D008B9B13 /* Assets.xcassets */,
				98881AE61EFCE90D008B9B13 /* LaunchScreen.storyboard */,
				98881AE91EFCE90D008B9B13 /* Info.plist */,
				98881AD81EFCE90D008B9B13 /* Supporting Files */,
			);
			path = DKImagePickerControllerDemo_OC;
			sourceTree = "<group>";
		};
		98881AD81EFCE90D008B9B13 /* Supporting Files */ = {
			isa = PBXGroup;
			children = (
				98881AD91EFCE90D008B9B13 /* main.m */,
			);
			name = "Supporting Files";
			sourceTree = "<group>";
		};
		98881AF11EFCE90D008B9B13 /* DKImagePickerControllerDemo_OCTests */ = {
			isa = PBXGroup;
			children = (
				98881AF21EFCE90D008B9B13 /* DKImagePickerControllerDemo_OCTests.m */,
				98881AF41EFCE90D008B9B13 /* Info.plist */,
			);
			path = DKImagePickerControllerDemo_OCTests;
			sourceTree = "<group>";
		};
		98881AFC1EFCE90D008B9B13 /* DKImagePickerControllerDemo_OCUITests */ = {
			isa = PBXGroup;
			children = (
				98881AFD1EFCE90D008B9B13 /* DKImagePickerControllerDemo_OCUITests.m */,
				98881AFF1EFCE90D008B9B13 /* Info.plist */,
			);
			path = DKImagePickerControllerDemo_OCUITests;
			sourceTree = "<group>";
		};
		98881B0E1EFCF2E2008B9B13 /* Source */ = {
			isa = PBXGroup;
			children = (
				980185E51F00E3AF0099173C /* DKCamera */,
				98881B0F1EFCF2E2008B9B13 /* DKImageManger */,
				980185DC1F00BA580099173C /* DKImagePickerController */,
			);
			path = Source;
			sourceTree = "<group>";
		};
		98881B0F1EFCF2E2008B9B13 /* DKImageManger */ = {
			isa = PBXGroup;
			children = (
				989163751F0E183F002E8DC3 /* DKBaseManager.h */,
				989163761F0E183F002E8DC3 /* DKBaseManager.m */,
				98881B121EFCF324008B9B13 /* DKImageManager.h */,
				98881B131EFCF324008B9B13 /* DKImageManager.m */,
				98881B101EFCF2E2008B9B13 /* Data */,
			);
			path = DKImageManger;
			sourceTree = "<group>";
		};
		98881B101EFCF2E2008B9B13 /* Data */ = {
			isa = PBXGroup;
			children = (
				98881B151EFCFD91008B9B13 /* DKGroupDataManager.h */,
				98881B161EFCFD91008B9B13 /* DKGroupDataManager.m */,
				98881B111EFCF2E2008B9B13 /* Model */,
			);
			path = Data;
			sourceTree = "<group>";
		};
		98881B111EFCF2E2008B9B13 /* Model */ = {
			isa = PBXGroup;
			children = (
				98881B181EFCFDDE008B9B13 /* DKAsset.h */,
				98881B191EFCFDDE008B9B13 /* DKAsset.m */,
				980185D91F00B56D0099173C /* DKAssetGroup.h */,
				980185DA1F00B56D0099173C /* DKAssetGroup.m */,
			);
			path = Model;
			sourceTree = "<group>";
		};
		989163781F0F6CCA002E8DC3 /* CustomCameraUIDelegate */ = {
			isa = PBXGroup;
			children = (
				9891637B1F0F6D01002E8DC3 /* CustomCameraUIDelegate.h */,
				9891637C1F0F6D01002E8DC3 /* CustomCameraUIDelegate.m */,
				9891637E1F0F6D80002E8DC3 /* CustomCamera.h */,
				9891637F1F0F6D80002E8DC3 /* CustomCamera.m */,
			);
			path = CustomCameraUIDelegate;
			sourceTree = "<group>";
		};
		989163791F0F6CCA002E8DC3 /* CustomLayoutUIDelegate */ = {
			isa = PBXGroup;
			children = (
				98487FCB1F1356900063AA13 /* CustomLayoutUIDelegate.h */,
				98487FCC1F1356900063AA13 /* CustomLayoutUIDelegate.m */,
				98487FC81F1355C50063AA13 /* CustomFlowLayout.h */,
				98487FC91F1355C50063AA13 /* CustomFlowLayout.m */,
			);
			path = CustomLayoutUIDelegate;
			sourceTree = "<group>";
		};
		9891637A1F0F6CCA002E8DC3 /* CustomUIDelegate */ = {
			isa = PBXGroup;
			children = (
				989163811F0F7B13002E8DC3 /* CustomUIDelegate.h */,
				989163821F0F7B13002E8DC3 /* CustomUIDelegate.m */,
				98A623431F13238C00BB9D2A /* CustomGroupDetailImageCell.h */,
				98A623441F13238C00BB9D2A /* CustomGroupDetailImageCell.m */,
				98A623461F13270B00BB9D2A /* CustomGroupDetailCameraCell.h */,
				98A623471F13270B00BB9D2A /* CustomGroupDetailCameraCell.m */,
			);
			path = CustomUIDelegate;
			sourceTree = "<group>";
		};
/* End PBXGroup section */

/* Begin PBXNativeTarget section */
		98881AD41EFCE90D008B9B13 /* DKImagePickerControllerDemo_OC */ = {
			isa = PBXNativeTarget;
			buildConfigurationList = 98881B021EFCE90D008B9B13 /* Build configuration list for PBXNativeTarget "DKImagePickerControllerDemo_OC" */;
			buildPhases = (
				98881AD11EFCE90D008B9B13 /* Sources */,
				98881AD21EFCE90D008B9B13 /* Frameworks */,
				98881AD31EFCE90D008B9B13 /* Resources */,
			);
			buildRules = (
			);
			dependencies = (
			);
			name = DKImagePickerControllerDemo_OC;
			productName = DKImagePickerControllerDemo_OC;
			productReference = 98881AD51EFCE90D008B9B13 /* DKImagePickerControllerDemo_OC.app */;
			productType = "com.apple.product-type.application";
		};
		98881AED1EFCE90D008B9B13 /* DKImagePickerControllerDemo_OCTests */ = {
			isa = PBXNativeTarget;
			buildConfigurationList = 98881B051EFCE90D008B9B13 /* Build configuration list for PBXNativeTarget "DKImagePickerControllerDemo_OCTests" */;
			buildPhases = (
				98881AEA1EFCE90D008B9B13 /* Sources */,
				98881AEB1EFCE90D008B9B13 /* Frameworks */,
				98881AEC1EFCE90D008B9B13 /* Resources */,
			);
			buildRules = (
			);
			dependencies = (
				98881AF01EFCE90D008B9B13 /* PBXTargetDependency */,
			);
			name = DKImagePickerControllerDemo_OCTests;
			productName = DKImagePickerControllerDemo_OCTests;
			productReference = 98881AEE1EFCE90D008B9B13 /* DKImagePickerControllerDemo_OCTests.xctest */;
			productType = "com.apple.product-type.bundle.unit-test";
		};
		98881AF81EFCE90D008B9B13 /* DKImagePickerControllerDemo_OCUITests */ = {
			isa = PBXNativeTarget;
			buildConfigurationList = 98881B081EFCE90D008B9B13 /* Build configuration list for PBXNativeTarget "DKImagePickerControllerDemo_OCUITests" */;
			buildPhases = (
				98881AF51EFCE90D008B9B13 /* Sources */,
				98881AF61EFCE90D008B9B13 /* Frameworks */,
				98881AF71EFCE90D008B9B13 /* Resources */,
			);
			buildRules = (
			);
			dependencies = (
				98881AFB1EFCE90D008B9B13 /* PBXTargetDependency */,
			);
			name = DKImagePickerControllerDemo_OCUITests;
			productName = DKImagePickerControllerDemo_OCUITests;
			productReference = 98881AF91EFCE90D008B9B13 /* DKImagePickerControllerDemo_OCUITests.xctest */;
			productType = "com.apple.product-type.bundle.ui-testing";
		};
/* End PBXNativeTarget section */

/* Begin PBXProject section */
		98881ACD1EFCE90D008B9B13 /* Project object */ = {
			isa = PBXProject;
			attributes = {
				LastUpgradeCheck = 0830;
				ORGANIZATIONNAME = zm;
				TargetAttributes = {
					98881AD41EFCE90D008B9B13 = {
						CreatedOnToolsVersion = 8.3.3;
						DevelopmentTeam = 4QQ73282F5;
						ProvisioningStyle = Automatic;
					};
					98881AED1EFCE90D008B9B13 = {
						CreatedOnToolsVersion = 8.3.3;
						ProvisioningStyle = Automatic;
						TestTargetID = 98881AD41EFCE90D008B9B13;
					};
					98881AF81EFCE90D008B9B13 = {
						CreatedOnToolsVersion = 8.3.3;
						ProvisioningStyle = Automatic;
						TestTargetID = 98881AD41EFCE90D008B9B13;
					};
				};
			};
			buildConfigurationList = 98881AD01EFCE90D008B9B13 /* Build configuration list for PBXProject "DKImagePickerControllerDemo_OC" */;
			compatibilityVersion = "Xcode 3.2";
			developmentRegion = English;
			hasScannedForEncodings = 0;
			knownRegions = (
				en,
				Base,
			);
			mainGroup = 98881ACC1EFCE90D008B9B13;
			productRefGroup = 98881AD61EFCE90D008B9B13 /* Products */;
			projectDirPath = "";
			projectRoot = "";
			targets = (
				98881AD41EFCE90D008B9B13 /* DKImagePickerControllerDemo_OC */,
				98881AED1EFCE90D008B9B13 /* DKImagePickerControllerDemo_OCTests */,
				98881AF81EFCE90D008B9B13 /* DKImagePickerControllerDemo_OCUITests */,
			);
		};
/* End PBXProject section */

/* Begin PBXResourcesBuildPhase section */
		98881AD31EFCE90D008B9B13 /* Resources */ = {
			isa = PBXResourcesBuildPhase;
			buildActionMask = 2147483647;
			files = (
				98881AE81EFCE90D008B9B13 /* LaunchScreen.storyboard in Resources */,
				98881AE51EFCE90D008B9B13 /* Assets.xcassets in Resources */,
				98881AE31EFCE90D008B9B13 /* Main.storyboard in Resources */,
				980185E71F00E3E70099173C /* DKCameraResource.bundle in Resources */,
				980185E91F00E4880099173C /* DKImagePickerController.bundle in Resources */,
			);
			runOnlyForDeploymentPostprocessing = 0;
		};
		98881AEC1EFCE90D008B9B13 /* Resources */ = {
			isa = PBXResourcesBuildPhase;
			buildActionMask = 2147483647;
			files = (
			);
			runOnlyForDeploymentPostprocessing = 0;
		};
		98881AF71EFCE90D008B9B13 /* Resources */ = {
			isa = PBXResourcesBuildPhase;
			buildActionMask = 2147483647;
			files = (
			);
			runOnlyForDeploymentPostprocessing = 0;
		};
/* End PBXResourcesBuildPhase section */

/* Begin PBXSourcesBuildPhase section */
		98881AD11EFCE90D008B9B13 /* Sources */ = {
			isa = PBXSourcesBuildPhase;
			buildActionMask = 2147483647;
			files = (
				98881B0D1EFCF0C0008B9B13 /* DKImagePickerControllerDemoVC.m in Sources */,
				9891637D1F0F6D01002E8DC3 /* CustomCameraUIDelegate.m in Sources */,
				98881AE01EFCE90D008B9B13 /* ViewController.m in Sources */,
				98A623451F13238C00BB9D2A /* CustomGroupDetailImageCell.m in Sources */,
				981EF64A1F0489250029B36E /* DKAssetGroupListVC.m in Sources */,
				980185F31F00E9A80099173C /* DKAssetGroupDetailImageCell.m in Sources */,
				989163801F0F6D80002E8DC3 /* CustomCamera.m in Sources */,
				980185F91F00F89A0099173C /* DKAssetGroupGridLayout.m in Sources */,
				980185F01F00E8170099173C /* DKAssetGroupDetailCameraCell.m in Sources */,
				980185E11F00BA8B0099173C /* DKImageResource.m in Sources */,
				989163771F0E183F002E8DC3 /* DKBaseManager.m in Sources */,
				980185FC1F0101010099173C /* DKImagePickerController.m in Sources */,
				980185FF1F01068D0099173C /* DKImagePickerControllerDefaultUIDelegate.m in Sources */,
				989163711F0B68E8002E8DC3 /* DKCamera.m in Sources */,
				98881B1A1EFCFDDE008B9B13 /* DKAsset.m in Sources */,
				980185F61F00EF090099173C /* DKAssetGroupDetailVideoCell.m in Sources */,
				98A623481F13270B00BB9D2A /* CustomGroupDetailCameraCell.m in Sources */,
				989163741F0CCA97002E8DC3 /* DKPermissionView.m in Sources */,
				98487FCA1F1355C50063AA13 /* CustomFlowLayout.m in Sources */,
				980186021F02065D0099173C /* DKAssetGroupDetailVC.m in Sources */,
				98881B171EFCFD91008B9B13 /* DKGroupDataManager.m in Sources */,
				98881B141EFCF324008B9B13 /* DKImageManager.m in Sources */,
				980185DB1F00B56D0099173C /* DKAssetGroup.m in Sources */,
				980185ED1F00E5F00099173C /* DKAssetGroupDetailBaseCell.m in Sources */,
				98881ADD1EFCE90D008B9B13 /* AppDelegate.m in Sources */,
				98487FCD1F1356900063AA13 /* CustomLayoutUIDelegate.m in Sources */,
				98881ADA1EFCE90D008B9B13 /* main.m in Sources */,
				989163831F0F7B13002E8DC3 /* CustomUIDelegate.m in Sources */,
				980629D01F09DB89004B74C9 /* DKPopoverViewController.m in Sources */,
			);
			runOnlyForDeploymentPostprocessing = 0;
		};
		98881AEA1EFCE90D008B9B13 /* Sources */ = {
			isa = PBXSourcesBuildPhase;
			buildActionMask = 2147483647;
			files = (
				98881AF31EFCE90D008B9B13 /* DKImagePickerControllerDemo_OCTests.m in Sources */,
			);
			runOnlyForDeploymentPostprocessing = 0;
		};
		98881AF51EFCE90D008B9B13 /* Sources */ = {
			isa = PBXSourcesBuildPhase;
			buildActionMask = 2147483647;
			files = (
				98881AFE1EFCE90D008B9B13 /* DKImagePickerControllerDemo_OCUITests.m in Sources */,
			);
			runOnlyForDeploymentPostprocessing = 0;
		};
/* End PBXSourcesBuildPhase section */

/* Begin PBXTargetDependency section */
		98881AF01EFCE90D008B9B13 /* PBXTargetDependency */ = {
			isa = PBXTargetDependency;
			target = 98881AD41EFCE90D008B9B13 /* DKImagePickerControllerDemo_OC */;
			targetProxy = 98881AEF1EFCE90D008B9B13 /* PBXContainerItemProxy */;
		};
		98881AFB1EFCE90D008B9B13 /* PBXTargetDependency */ = {
			isa = PBXTargetDependency;
			target = 98881AD41EFCE90D008B9B13 /* DKImagePickerControllerDemo_OC */;
			targetProxy = 98881AFA1EFCE90D008B9B13 /* PBXContainerItemProxy */;
		};
/* End PBXTargetDependency section */

/* Begin PBXVariantGroup section */
		98881AE11EFCE90D008B9B13 /* Main.storyboard */ = {
			isa = PBXVariantGroup;
			children = (
				98881AE21EFCE90D008B9B13 /* Base */,
				98826C841F146A1B00BF7E2A /* zh-Hans */,
			);
			name = Main.storyboard;
			sourceTree = "<group>";
		};
		98881AE61EFCE90D008B9B13 /* LaunchScreen.storyboard */ = {
			isa = PBXVariantGroup;
			children = (
				98881AE71EFCE90D008B9B13 /* Base */,
				98826C851F146A1B00BF7E2A /* zh-Hans */,
			);
			name = LaunchScreen.storyboard;
			sourceTree = "<group>";
		};
/* End PBXVariantGroup section */

/* Begin XCBuildConfiguration section */
		98881B001EFCE90D008B9B13 /* Debug */ = {
			isa = XCBuildConfiguration;
			buildSettings = {
				ALWAYS_SEARCH_USER_PATHS = NO;
				CLANG_ANALYZER_LOCALIZABILITY_NONLOCALIZED = YES;
				CLANG_ANALYZER_NONNULL = YES;
				CLANG_ANALYZER_NUMBER_OBJECT_CONVERSION = YES_AGGRESSIVE;
				CLANG_CXX_LANGUAGE_STANDARD = "gnu++0x";
				CLANG_CXX_LIBRARY = "libc++";
				CLANG_ENABLE_MODULES = YES;
				CLANG_ENABLE_OBJC_ARC = YES;
				CLANG_WARN_BOOL_CONVERSION = YES;
				CLANG_WARN_CONSTANT_CONVERSION = YES;
				CLANG_WARN_DIRECT_OBJC_ISA_USAGE = YES_ERROR;
				CLANG_WARN_DOCUMENTATION_COMMENTS = YES;
				CLANG_WARN_EMPTY_BODY = YES;
				CLANG_WARN_ENUM_CONVERSION = YES;
				CLANG_WARN_INFINITE_RECURSION = YES;
				CLANG_WARN_INT_CONVERSION = YES;
				CLANG_WARN_OBJC_ROOT_CLASS = YES_ERROR;
				CLANG_WARN_SUSPICIOUS_MOVE = YES;
				CLANG_WARN_UNREACHABLE_CODE = YES;
				CLANG_WARN__DUPLICATE_METHOD_MATCH = YES;
				"CODE_SIGN_IDENTITY[sdk=iphoneos*]" = "iPhone Developer";
				COPY_PHASE_STRIP = NO;
				DEBUG_INFORMATION_FORMAT = dwarf;
				ENABLE_STRICT_OBJC_MSGSEND = YES;
				ENABLE_TESTABILITY = YES;
				GCC_C_LANGUAGE_STANDARD = gnu99;
				GCC_DYNAMIC_NO_PIC = NO;
				GCC_NO_COMMON_BLOCKS = YES;
				GCC_OPTIMIZATION_LEVEL = 0;
				GCC_PREPROCESSOR_DEFINITIONS = (
					"DEBUG=1",
					"$(inherited)",
				);
				GCC_WARN_64_TO_32_BIT_CONVERSION = YES;
				GCC_WARN_ABOUT_RETURN_TYPE = YES_ERROR;
				GCC_WARN_UNDECLARED_SELECTOR = YES;
				GCC_WARN_UNINITIALIZED_AUTOS = YES_AGGRESSIVE;
				GCC_WARN_UNUSED_FUNCTION = YES;
				GCC_WARN_UNUSED_VARIABLE = YES;
				IPHONEOS_DEPLOYMENT_TARGET = 10.3;
				MTL_ENABLE_DEBUG_INFO = YES;
				ONLY_ACTIVE_ARCH = YES;
				SDKROOT = iphoneos;
				TARGETED_DEVICE_FAMILY = "1,2";
			};
			name = Debug;
		};
		98881B011EFCE90D008B9B13 /* Release */ = {
			isa = XCBuildConfiguration;
			buildSettings = {
				ALWAYS_SEARCH_USER_PATHS = NO;
				CLANG_ANALYZER_LOCALIZABILITY_NONLOCALIZED = YES;
				CLANG_ANALYZER_NONNULL = YES;
				CLANG_ANALYZER_NUMBER_OBJECT_CONVERSION = YES_AGGRESSIVE;
				CLANG_CXX_LANGUAGE_STANDARD = "gnu++0x";
				CLANG_CXX_LIBRARY = "libc++";
				CLANG_ENABLE_MODULES = YES;
				CLANG_ENABLE_OBJC_ARC = YES;
				CLANG_WARN_BOOL_CONVERSION = YES;
				CLANG_WARN_CONSTANT_CONVERSION = YES;
				CLANG_WARN_DIRECT_OBJC_ISA_USAGE = YES_ERROR;
				CLANG_WARN_DOCUMENTATION_COMMENTS = YES;
				CLANG_WARN_EMPTY_BODY = YES;
				CLANG_WARN_ENUM_CONVERSION = YES;
				CLANG_WARN_INFINITE_RECURSION = YES;
				CLANG_WARN_INT_CONVERSION = YES;
				CLANG_WARN_OBJC_ROOT_CLASS = YES_ERROR;
				CLANG_WARN_SUSPICIOUS_MOVE = YES;
				CLANG_WARN_UNREACHABLE_CODE = YES;
				CLANG_WARN__DUPLICATE_METHOD_MATCH = YES;
				"CODE_SIGN_IDENTITY[sdk=iphoneos*]" = "iPhone Developer";
				COPY_PHASE_STRIP = NO;
				DEBUG_INFORMATION_FORMAT = "dwarf-with-dsym";
				ENABLE_NS_ASSERTIONS = NO;
				ENABLE_STRICT_OBJC_MSGSEND = YES;
				GCC_C_LANGUAGE_STANDARD = gnu99;
				GCC_NO_COMMON_BLOCKS = YES;
				GCC_WARN_64_TO_32_BIT_CONVERSION = YES;
				GCC_WARN_ABOUT_RETURN_TYPE = YES_ERROR;
				GCC_WARN_UNDECLARED_SELECTOR = YES;
				GCC_WARN_UNINITIALIZED_AUTOS = YES_AGGRESSIVE;
				GCC_WARN_UNUSED_FUNCTION = YES;
				GCC_WARN_UNUSED_VARIABLE = YES;
				IPHONEOS_DEPLOYMENT_TARGET = 10.3;
				MTL_ENABLE_DEBUG_INFO = NO;
				SDKROOT = iphoneos;
				TARGETED_DEVICE_FAMILY = "1,2";
				VALIDATE_PRODUCT = YES;
			};
			name = Release;
		};
		98881B031EFCE90D008B9B13 /* Debug */ = {
			isa = XCBuildConfiguration;
			buildSettings = {
				ASSETCATALOG_COMPILER_APPICON_NAME = AppIcon;
				"CODE_SIGN_IDENTITY[sdk=iphoneos*]" = "iPhone Developer";
				DEVELOPMENT_TEAM = 4QQ73282F5;
				INFOPLIST_FILE = DKImagePickerControllerDemo_OC/Info.plist;
				IPHONEOS_DEPLOYMENT_TARGET = 8.0;
				LD_RUNPATH_SEARCH_PATHS = "$(inherited) @executable_path/Frameworks";
				PRODUCT_BUNDLE_IDENTIFIER = zm.DKImagePickerControllerDemo;
				PRODUCT_NAME = "$(TARGET_NAME)";
				PROVISIONING_PROFILE_SPECIFIER = "";
			};
			name = Debug;
		};
		98881B041EFCE90D008B9B13 /* Release */ = {
			isa = XCBuildConfiguration;
			buildSettings = {
				ASSETCATALOG_COMPILER_APPICON_NAME = AppIcon;
				"CODE_SIGN_IDENTITY[sdk=iphoneos*]" = "iPhone Developer";
				DEVELOPMENT_TEAM = 4QQ73282F5;
				INFOPLIST_FILE = DKImagePickerControllerDemo_OC/Info.plist;
				IPHONEOS_DEPLOYMENT_TARGET = 8.0;
				LD_RUNPATH_SEARCH_PATHS = "$(inherited) @executable_path/Frameworks";
				PRODUCT_BUNDLE_IDENTIFIER = zm.DKImagePickerControllerDemo;
				PRODUCT_NAME = "$(TARGET_NAME)";
				PROVISIONING_PROFILE_SPECIFIER = "";
			};
			name = Release;
		};
		98881B061EFCE90D008B9B13 /* Debug */ = {
			isa = XCBuildConfiguration;
			buildSettings = {
				BUNDLE_LOADER = "$(TEST_HOST)";
				INFOPLIST_FILE = DKImagePickerControllerDemo_OCTests/Info.plist;
				LD_RUNPATH_SEARCH_PATHS = "$(inherited) @executable_path/Frameworks @loader_path/Frameworks";
				PRODUCT_BUNDLE_IDENTIFIER = "zm.DKImagePickerControllerDemo-OCTests";
				PRODUCT_NAME = "$(TARGET_NAME)";
				TEST_HOST = "$(BUILT_PRODUCTS_DIR)/DKImagePickerControllerDemo_OC.app/DKImagePickerControllerDemo_OC";
			};
			name = Debug;
		};
		98881B071EFCE90D008B9B13 /* Release */ = {
			isa = XCBuildConfiguration;
			buildSettings = {
				BUNDLE_LOADER = "$(TEST_HOST)";
				INFOPLIST_FILE = DKImagePickerControllerDemo_OCTests/Info.plist;
				LD_RUNPATH_SEARCH_PATHS = "$(inherited) @executable_path/Frameworks @loader_path/Frameworks";
				PRODUCT_BUNDLE_IDENTIFIER = "zm.DKImagePickerControllerDemo-OCTests";
				PRODUCT_NAME = "$(TARGET_NAME)";
				TEST_HOST = "$(BUILT_PRODUCTS_DIR)/DKImagePickerControllerDemo_OC.app/DKImagePickerControllerDemo_OC";
			};
			name = Release;
		};
		98881B091EFCE90D008B9B13 /* Debug */ = {
			isa = XCBuildConfiguration;
			buildSettings = {
				INFOPLIST_FILE = DKImagePickerControllerDemo_OCUITests/Info.plist;
				LD_RUNPATH_SEARCH_PATHS = "$(inherited) @executable_path/Frameworks @loader_path/Frameworks";
				PRODUCT_BUNDLE_IDENTIFIER = "zm.DKImagePickerControllerDemo-OCUITests";
				PRODUCT_NAME = "$(TARGET_NAME)";
				TEST_TARGET_NAME = DKImagePickerControllerDemo_OC;
			};
			name = Debug;
		};
		98881B0A1EFCE90D008B9B13 /* Release */ = {
			isa = XCBuildConfiguration;
			buildSettings = {
				INFOPLIST_FILE = DKImagePickerControllerDemo_OCUITests/Info.plist;
				LD_RUNPATH_SEARCH_PATHS = "$(inherited) @executable_path/Frameworks @loader_path/Frameworks";
				PRODUCT_BUNDLE_IDENTIFIER = "zm.DKImagePickerControllerDemo-OCUITests";
				PRODUCT_NAME = "$(TARGET_NAME)";
				TEST_TARGET_NAME = DKImagePickerControllerDemo_OC;
			};
			name = Release;
		};
/* End XCBuildConfiguration section */

/* Begin XCConfigurationList section */
		98881AD01EFCE90D008B9B13 /* Build configuration list for PBXProject "DKImagePickerControllerDemo_OC" */ = {
			isa = XCConfigurationList;
			buildConfigurations = (
				98881B001EFCE90D008B9B13 /* Debug */,
				98881B011EFCE90D008B9B13 /* Release */,
			);
			defaultConfigurationIsVisible = 0;
			defaultConfigurationName = Release;
		};
		98881B021EFCE90D008B9B13 /* Build configuration list for PBXNativeTarget "DKImagePickerControllerDemo_OC" */ = {
			isa = XCConfigurationList;
			buildConfigurations = (
				98881B031EFCE90D008B9B13 /* Debug */,
				98881B041EFCE90D008B9B13 /* Release */,
			);
			defaultConfigurationIsVisible = 0;
			defaultConfigurationName = Release;
		};
		98881B051EFCE90D008B9B13 /* Build configuration list for PBXNativeTarget "DKImagePickerControllerDemo_OCTests" */ = {
			isa = XCConfigurationList;
			buildConfigurations = (
				98881B061EFCE90D008B9B13 /* Debug */,
				98881B071EFCE90D008B9B13 /* Release */,
			);
			defaultConfigurationIsVisible = 0;
			defaultConfigurationName = Release;
		};
		98881B081EFCE90D008B9B13 /* Build configuration list for PBXNativeTarget "DKImagePickerControllerDemo_OCUITests" */ = {
			isa = XCConfigurationList;
			buildConfigurations = (
				98881B091EFCE90D008B9B13 /* Debug */,
				98881B0A1EFCE90D008B9B13 /* Release */,
			);
			defaultConfigurationIsVisible = 0;
			defaultConfigurationName = Release;
		};
/* End XCConfigurationList section */
	};
	rootObject = 98881ACD1EFCE90D008B9B13 /* Project object */;
}
