// !$*UTF8*$!
{
	archiveVersion = 1;
	classes = {
	};
	objectVersion = 46;
	objects = {

/* Begin PBXBuildFile section */
		9CBF3F7A1AB15D210000F1D1 /* AppDelegate.swift in Sources */ = {isa = PBXBuildFile; fileRef = 9CBF3F6B1AB15D210000F1D1 /* AppDelegate.swift */; };
		9CBF3F7E1AB15D210000F1D1 /* Images.xcassets in Resources */ = {isa = PBXBuildFile; fileRef = 9CBF3F721AB15D210000F1D1 /* Images.xcassets */; };
		9CBF3F811AB15D210000F1D1 /* ViewController.swift in Sources */ = {isa = PBXBuildFile; fileRef = 9CBF3F751AB15D210000F1D1 /* ViewController.swift */; };
		9CBF3F851AB15DFF0000F1D1 /* Main.storyboard in Resources */ = {isa = PBXBuildFile; fileRef = 9CBF3F6E1AB15D210000F1D1 /* Main.storyboard */; };
		9CBF3F861AB15E040000F1D1 /* LaunchScreen.xib in Resources */ = {isa = PBXBuildFile; fileRef = 9CBF3F6C1AB15D210000F1D1 /* LaunchScreen.xib */; };
		9CBF3F871AB15E0D0000F1D1 /* LaunchScreen.strings in Resources */ = {isa = PBXBuildFile; fileRef = 9CBF3F761AB15D210000F1D1 /* LaunchScreen.strings */; };
		9CBF3F881AB15E100000F1D1 /* Main.strings in Resources */ = {isa = PBXBuildFile; fileRef = 9CBF3F781AB15D210000F1D1 /* Main.strings */; };
		9CD9F1891B720CC20084B9DD /* FBPopoverViewController.swift in Sources */ = {isa = PBXBuildFile; fileRef = 9CD9F1881B720CC20084B9DD /* FBPopoverViewController.swift */; };
		9CDEF0F11B62279F003340FE /* DKImagePickerController.swift in Sources */ = {isa = PBXBuildFile; fileRef = 9CDEF0F01B62279F003340FE /* DKImagePickerController.swift */; };
		9CDFC3271B7887A800376F6F /* DKAssetGroupDetailVC.swift in Sources */ = {isa = PBXBuildFile; fileRef = 9CDFC3261B7887A800376F6F /* DKAssetGroupDetailVC.swift */; };
		9CE339151B760010003AD94E /* DKAssetGroupVC.swift in Sources */ = {isa = PBXBuildFile; fileRef = 9CE339141B760010003AD94E /* DKAssetGroupVC.swift */; };
/* End PBXBuildFile section */

/* Begin PBXFileReference section */
		9C167BF719DF832B008FA4CA /* AssetsLibrary.framework */ = {isa = PBXFileReference; lastKnownFileType = wrapper.framework; name = AssetsLibrary.framework; path = System/Library/Frameworks/AssetsLibrary.framework; sourceTree = SDKROOT; };
		9C35CBFF19DBB00700557269 /* DKImagePickerControllerDemo.app */ = {isa = PBXFileReference; explicitFileType = wrapper.application; includeInIndex = 0; path = DKImagePickerControllerDemo.app; sourceTree = BUILT_PRODUCTS_DIR; };
		9CBF3F6B1AB15D210000F1D1 /* AppDelegate.swift */ = {isa = PBXFileReference; fileEncoding = 4; lastKnownFileType = sourcecode.swift; path = AppDelegate.swift; sourceTree = "<group>"; };
		9CBF3F6D1AB15D210000F1D1 /* Base */ = {isa = PBXFileReference; lastKnownFileType = file.xib; name = Base; path = Base.lproj/LaunchScreen.xib; sourceTree = "<group>"; };
		9CBF3F6F1AB15D210000F1D1 /* Base */ = {isa = PBXFileReference; lastKnownFileType = file.storyboard; name = Base; path = Base.lproj/Main.storyboard; sourceTree = "<group>"; };
		9CBF3F721AB15D210000F1D1 /* Images.xcassets */ = {isa = PBXFileReference; lastKnownFileType = folder.assetcatalog; path = Images.xcassets; sourceTree = "<group>"; };
		9CBF3F731AB15D210000F1D1 /* Info.plist */ = {isa = PBXFileReference; fileEncoding = 4; lastKnownFileType = text.plist.xml; path = Info.plist; sourceTree = "<group>"; };
		9CBF3F751AB15D210000F1D1 /* ViewController.swift */ = {isa = PBXFileReference; fileEncoding = 4; lastKnownFileType = sourcecode.swift; path = ViewController.swift; sourceTree = "<group>"; };
		9CBF3F771AB15D210000F1D1 /* zh-Hans */ = {isa = PBXFileReference; lastKnownFileType = text.plist.strings; name = "zh-Hans"; path = "zh-Hans.lproj/LaunchScreen.strings"; sourceTree = "<group>"; };
		9CBF3F791AB15D210000F1D1 /* zh-Hans */ = {isa = PBXFileReference; lastKnownFileType = text.plist.strings; name = "zh-Hans"; path = "zh-Hans.lproj/Main.strings"; sourceTree = "<group>"; };
		9CD9F1881B720CC20084B9DD /* FBPopoverViewController.swift */ = {isa = PBXFileReference; fileEncoding = 4; lastKnownFileType = sourcecode.swift; path = FBPopoverViewController.swift; sourceTree = "<group>"; };
		9CDEF0F01B62279F003340FE /* DKImagePickerController.swift */ = {isa = PBXFileReference; fileEncoding = 4; lastKnownFileType = sourcecode.swift; path = DKImagePickerController.swift; sourceTree = "<group>"; };
		9CDFC3261B7887A800376F6F /* DKAssetGroupDetailVC.swift */ = {isa = PBXFileReference; fileEncoding = 4; lastKnownFileType = sourcecode.swift; path = DKAssetGroupDetailVC.swift; sourceTree = "<group>"; };
		9CE339141B760010003AD94E /* DKAssetGroupVC.swift */ = {isa = PBXFileReference; fileEncoding = 4; lastKnownFileType = sourcecode.swift; path = DKAssetGroupVC.swift; sourceTree = "<group>"; };
/* End PBXFileReference section */

/* Begin PBXFrameworksBuildPhase section */
		9C35CBFC19DBB00700557269 /* Frameworks */ = {
			isa = PBXFrameworksBuildPhase;
			buildActionMask = 2147483647;
			files = (
			);
			runOnlyForDeploymentPostprocessing = 0;
		};
/* End PBXFrameworksBuildPhase section */

/* Begin PBXGroup section */
		9C35CBF619DBB00700557269 = {
			isa = PBXGroup;
			children = (
				9C167BF719DF832B008FA4CA /* AssetsLibrary.framework */,
				9CBF3F6A1AB15D210000F1D1 /* DKImagePickerControllerDemo */,
				9C35CC0019DBB00700557269 /* Products */,
			);
			sourceTree = "<group>";
		};
		9C35CC0019DBB00700557269 /* Products */ = {
			isa = PBXGroup;
			children = (
				9C35CBFF19DBB00700557269 /* DKImagePickerControllerDemo.app */,
			);
			name = Products;
			sourceTree = "<group>";
		};
		9CBF3F6A1AB15D210000F1D1 /* DKImagePickerControllerDemo */ = {
			isa = PBXGroup;
			children = (
				9CDEF0EF1B62279F003340FE /* DKImagePickerController */,
				9CBF3F6B1AB15D210000F1D1 /* AppDelegate.swift */,
				9CBF3F751AB15D210000F1D1 /* ViewController.swift */,
				9CBF3F6C1AB15D210000F1D1 /* LaunchScreen.xib */,
				9CBF3F6E1AB15D210000F1D1 /* Main.storyboard */,
				9CBF3F721AB15D210000F1D1 /* Images.xcassets */,
				9CBF3F731AB15D210000F1D1 /* Info.plist */,
				9CBF3F761AB15D210000F1D1 /* LaunchScreen.strings */,
				9CBF3F781AB15D210000F1D1 /* Main.strings */,
			);
			path = DKImagePickerControllerDemo;
			sourceTree = "<group>";
		};
		9CDEF0EF1B62279F003340FE /* DKImagePickerController */ = {
			isa = PBXGroup;
			children = (
				9CDEF0F01B62279F003340FE /* DKImagePickerController.swift */,
				9CE339141B760010003AD94E /* DKAssetGroupVC.swift */,
				9CDFC3261B7887A800376F6F /* DKAssetGroupDetailVC.swift */,
				9CD9F1881B720CC20084B9DD /* FBPopoverViewController.swift */,
			);
			path = DKImagePickerController;
			sourceTree = SOURCE_ROOT;
		};
/* End PBXGroup section */

/* Begin PBXNativeTarget section */
		9C35CBFE19DBB00700557269 /* DKImagePickerControllerDemo */ = {
			isa = PBXNativeTarget;
			buildConfigurationList = 9C35CC1E19DBB00700557269 /* Build configuration list for PBXNativeTarget "DKImagePickerControllerDemo" */;
			buildPhases = (
				9C35CBFB19DBB00700557269 /* Sources */,
				9C35CBFC19DBB00700557269 /* Frameworks */,
				9C35CBFD19DBB00700557269 /* Resources */,
			);
			buildRules = (
			);
			dependencies = (
			);
			name = DKImagePickerControllerDemo;
			productName = CustomImagePicker;
			productReference = 9C35CBFF19DBB00700557269 /* DKImagePickerControllerDemo.app */;
			productType = "com.apple.product-type.application";
		};
/* End PBXNativeTarget section */

/* Begin PBXProject section */
		9C35CBF719DBB00700557269 /* Project object */ = {
			isa = PBXProject;
			attributes = {
				LastSwiftUpdateCheck = 0700;
				LastUpgradeCheck = 0630;
				ORGANIZATIONNAME = ZhangAo;
				TargetAttributes = {
					9C35CBFE19DBB00700557269 = {
						CreatedOnToolsVersion = 6.0;
					};
				};
			};
			buildConfigurationList = 9C35CBFA19DBB00700557269 /* Build configuration list for PBXProject "DKImagePickerControllerDemo" */;
			compatibilityVersion = "Xcode 3.2";
			developmentRegion = English;
			hasScannedForEncodings = 0;
			knownRegions = (
				en,
				Base,
				"zh-Hans",
			);
			mainGroup = 9C35CBF619DBB00700557269;
			productRefGroup = 9C35CC0019DBB00700557269 /* Products */;
			projectDirPath = "";
			projectRoot = "";
			targets = (
				9C35CBFE19DBB00700557269 /* DKImagePickerControllerDemo */,
			);
		};
/* End PBXProject section */

/* Begin PBXResourcesBuildPhase section */
		9C35CBFD19DBB00700557269 /* Resources */ = {
			isa = PBXResourcesBuildPhase;
			buildActionMask = 2147483647;
			files = (
				9CBF3F861AB15E040000F1D1 /* LaunchScreen.xib in Resources */,
				9CBF3F871AB15E0D0000F1D1 /* LaunchScreen.strings in Resources */,
				9CBF3F7E1AB15D210000F1D1 /* Images.xcassets in Resources */,
				9CBF3F881AB15E100000F1D1 /* Main.strings in Resources */,
				9CBF3F851AB15DFF0000F1D1 /* Main.storyboard in Resources */,
			);
			runOnlyForDeploymentPostprocessing = 0;
		};
/* End PBXResourcesBuildPhase section */

/* Begin PBXSourcesBuildPhase section */
		9C35CBFB19DBB00700557269 /* Sources */ = {
			isa = PBXSourcesBuildPhase;
			buildActionMask = 2147483647;
			files = (
				9CE339151B760010003AD94E /* DKAssetGroupVC.swift in Sources */,
				9CBF3F7A1AB15D210000F1D1 /* AppDelegate.swift in Sources */,
				9CDFC3271B7887A800376F6F /* DKAssetGroupDetailVC.swift in Sources */,
				9CDEF0F11B62279F003340FE /* DKImagePickerController.swift in Sources */,
				9CD9F1891B720CC20084B9DD /* FBPopoverViewController.swift in Sources */,
				9CBF3F811AB15D210000F1D1 /* ViewController.swift in Sources */,
			);
			runOnlyForDeploymentPostprocessing = 0;
		};
/* End PBXSourcesBuildPhase section */

/* Begin PBXVariantGroup section */
		9CBF3F6C1AB15D210000F1D1 /* LaunchScreen.xib */ = {
			isa = PBXVariantGroup;
			children = (
				9CBF3F6D1AB15D210000F1D1 /* Base */,
			);
			name = LaunchScreen.xib;
			sourceTree = "<group>";
		};
		9CBF3F6E1AB15D210000F1D1 /* Main.storyboard */ = {
			isa = PBXVariantGroup;
			children = (
				9CBF3F6F1AB15D210000F1D1 /* Base */,
			);
			name = Main.storyboard;
			sourceTree = "<group>";
		};
		9CBF3F761AB15D210000F1D1 /* LaunchScreen.strings */ = {
			isa = PBXVariantGroup;
			children = (
				9CBF3F771AB15D210000F1D1 /* zh-Hans */,
			);
			name = LaunchScreen.strings;
			sourceTree = "<group>";
		};
		9CBF3F781AB15D210000F1D1 /* Main.strings */ = {
			isa = PBXVariantGroup;
			children = (
				9CBF3F791AB15D210000F1D1 /* zh-Hans */,
			);
			name = Main.strings;
			sourceTree = "<group>";
		};
/* End PBXVariantGroup section */

/* Begin XCBuildConfiguration section */
		9C35CC1C19DBB00700557269 /* Debug */ = {
			isa = XCBuildConfiguration;
			buildSettings = {
				ALWAYS_SEARCH_USER_PATHS = NO;
				CLANG_CXX_LANGUAGE_STANDARD = "gnu++0x";
				CLANG_CXX_LIBRARY = "libc++";
				CLANG_ENABLE_MODULES = YES;
				CLANG_ENABLE_OBJC_ARC = YES;
				CLANG_WARN_BOOL_CONVERSION = YES;
				CLANG_WARN_CONSTANT_CONVERSION = YES;
				CLANG_WARN_DIRECT_OBJC_ISA_USAGE = YES_ERROR;
				CLANG_WARN_EMPTY_BODY = YES;
				CLANG_WARN_ENUM_CONVERSION = YES;
				CLANG_WARN_INT_CONVERSION = YES;
				CLANG_WARN_OBJC_ROOT_CLASS = YES_ERROR;
				CLANG_WARN_UNREACHABLE_CODE = YES;
				CLANG_WARN__DUPLICATE_METHOD_MATCH = YES;
				"CODE_SIGN_IDENTITY[sdk=iphoneos*]" = "iPhone Developer";
				COPY_PHASE_STRIP = NO;
				ENABLE_STRICT_OBJC_MSGSEND = YES;
				GCC_C_LANGUAGE_STANDARD = gnu99;
				GCC_DYNAMIC_NO_PIC = NO;
				GCC_OPTIMIZATION_LEVEL = 0;
				GCC_PREPROCESSOR_DEFINITIONS = (
					"DEBUG=1",
					"$(inherited)",
				);
				GCC_SYMBOLS_PRIVATE_EXTERN = NO;
				GCC_WARN_64_TO_32_BIT_CONVERSION = YES;
				GCC_WARN_ABOUT_RETURN_TYPE = YES_ERROR;
				GCC_WARN_UNDECLARED_SELECTOR = YES;
				GCC_WARN_UNINITIALIZED_AUTOS = YES_AGGRESSIVE;
				GCC_WARN_UNUSED_FUNCTION = YES;
				GCC_WARN_UNUSED_VARIABLE = YES;
				IPHONEOS_DEPLOYMENT_TARGET = 8.0;
				MTL_ENABLE_DEBUG_INFO = YES;
				ONLY_ACTIVE_ARCH = YES;
				SDKROOT = iphoneos;
				SWIFT_OPTIMIZATION_LEVEL = "-Onone";
			};
			name = Debug;
		};
		9C35CC1D19DBB00700557269 /* Release */ = {
			isa = XCBuildConfiguration;
			buildSettings = {
				ALWAYS_SEARCH_USER_PATHS = NO;
				CLANG_CXX_LANGUAGE_STANDARD = "gnu++0x";
				CLANG_CXX_LIBRARY = "libc++";
				CLANG_ENABLE_MODULES = YES;
				CLANG_ENABLE_OBJC_ARC = YES;
				CLANG_WARN_BOOL_CONVERSION = YES;
				CLANG_WARN_CONSTANT_CONVERSION = YES;
				CLANG_WARN_DIRECT_OBJC_ISA_USAGE = YES_ERROR;
				CLANG_WARN_EMPTY_BODY = YES;
				CLANG_WARN_ENUM_CONVERSION = YES;
				CLANG_WARN_INT_CONVERSION = YES;
				CLANG_WARN_OBJC_ROOT_CLASS = YES_ERROR;
				CLANG_WARN_UNREACHABLE_CODE = YES;
				CLANG_WARN__DUPLICATE_METHOD_MATCH = YES;
				"CODE_SIGN_IDENTITY[sdk=iphoneos*]" = "iPhone Developer";
				COPY_PHASE_STRIP = YES;
				ENABLE_NS_ASSERTIONS = NO;
				ENABLE_STRICT_OBJC_MSGSEND = YES;
				GCC_C_LANGUAGE_STANDARD = gnu99;
				GCC_WARN_64_TO_32_BIT_CONVERSION = YES;
				GCC_WARN_ABOUT_RETURN_TYPE = YES_ERROR;
				GCC_WARN_UNDECLARED_SELECTOR = YES;
				GCC_WARN_UNINITIALIZED_AUTOS = YES_AGGRESSIVE;
				GCC_WARN_UNUSED_FUNCTION = YES;
				GCC_WARN_UNUSED_VARIABLE = YES;
				IPHONEOS_DEPLOYMENT_TARGET = 8.0;
				MTL_ENABLE_DEBUG_INFO = NO;
				SDKROOT = iphoneos;
				VALIDATE_PRODUCT = YES;
			};
			name = Release;
		};
		9C35CC1F19DBB00700557269 /* Debug */ = {
			isa = XCBuildConfiguration;
			buildSettings = {
				ASSETCATALOG_COMPILER_APPICON_NAME = AppIcon;
				CODE_SIGN_IDENTITY = "iPhone Developer";
				"CODE_SIGN_IDENTITY[sdk=iphoneos*]" = "iPhone Developer";
				INFOPLIST_FILE = "$(SRCROOT)/DKImagePickerControllerDemo/Info.plist";
				IPHONEOS_DEPLOYMENT_TARGET = 8.0;
				LD_RUNPATH_SEARCH_PATHS = "$(inherited) @executable_path/Frameworks";
				PRODUCT_NAME = "$(TARGET_NAME)";
				PROVISIONING_PROFILE = "";
			};
			name = Debug;
		};
		9C35CC2019DBB00700557269 /* Release */ = {
			isa = XCBuildConfiguration;
			buildSettings = {
				ASSETCATALOG_COMPILER_APPICON_NAME = AppIcon;
				CODE_SIGN_IDENTITY = "iPhone Developer";
				"CODE_SIGN_IDENTITY[sdk=iphoneos*]" = "iPhone Developer";
				INFOPLIST_FILE = "$(SRCROOT)/DKImagePickerControllerDemo/Info.plist";
				IPHONEOS_DEPLOYMENT_TARGET = 8.0;
				LD_RUNPATH_SEARCH_PATHS = "$(inherited) @executable_path/Frameworks";
				PRODUCT_NAME = "$(TARGET_NAME)";
				PROVISIONING_PROFILE = "";
			};
			name = Release;
		};
/* End XCBuildConfiguration section */

/* Begin XCConfigurationList section */
		9C35CBFA19DBB00700557269 /* Build configuration list for PBXProject "DKImagePickerControllerDemo" */ = {
			isa = XCConfigurationList;
			buildConfigurations = (
				9C35CC1C19DBB00700557269 /* Debug */,
				9C35CC1D19DBB00700557269 /* Release */,
			);
			defaultConfigurationIsVisible = 0;
			defaultConfigurationName = Release;
		};
		9C35CC1E19DBB00700557269 /* Build configuration list for PBXNativeTarget "DKImagePickerControllerDemo" */ = {
			isa = XCConfigurationList;
			buildConfigurations = (
				9C35CC1F19DBB00700557269 /* Debug */,
				9C35CC2019DBB00700557269 /* Release */,
			);
			defaultConfigurationIsVisible = 0;
			defaultConfigurationName = Release;
		};
/* End XCConfigurationList section */
	};
	rootObject = 9C35CBF719DBB00700557269 /* Project object */;
}
