PODS:
  - CLImageEditor (0.2.0):
    - CLImageEditor/Core (= 0.2.0)
  - CLImageEditor/Core (0.2.0)
  - DKCamera (1.5.0)
  - DKImagePickerController (4.0.0):
    - CLImageEditor (= 0.2.0)
    - DKCamera (= 1.5.0)
    - DKImagePickerController/ImageDataManager (= 4.0.0)
    - MBProgressHUD (= 1.0.0)
    - SDWebImage/GIF (~> 4.0)
  - DKImagePickerController/ImageDataManager (4.0.0):
    - CLImageEditor (= 0.2.0)
    - DKCamera (= 1.5.0)
    - MBProgressHUD (= 1.0.0)
    - SDWebImage/GIF (~> 4.0)
  - FLAnimatedImage (1.0.12)
  - MBProgressHUD (1.0.0)
  - SDWebImage/Core (4.2.1)
  - SDWebImage/GIF (4.2.1):
    - FLAnimatedImage (~> 1.0)
    - SDWebImage/Core

DEPENDENCIES:
  - DKImagePickerController (from `../`)

EXTERNAL SOURCES:
  DKImagePickerController:
    :path: ../

SPEC CHECKSUMS:
  CLImageEditor: ec5ae50b3a54c9818c0bdb243b20665a1c6718e3
  DKCamera: 8d8c2e498ff5c0cac4f172825eb50183464d53c5
  DKImagePickerController: faa357111858876c37df62c3596a735260a68a38
  FLAnimatedImage: 4a0b56255d9b05f18b6dd7ee06871be5d3b89e31
  MBProgressHUD: 4890f671c94e8a0f3cf959aa731e9de2f036d71a
  SDWebImage: 1fa4c9edf525b744f002db89f3f5a38b3cd4c541

PODFILE CHECKSUM: 7dd78dd7d5fb2804ed8b198a994db977f7401112

COCOAPODS: 1.3.1
